{
  "version": 4,
  "terraform_version": "0.14.2",
  "serial": 15,
  "lineage": "e9cf424e-2bb3-b4f3-5dc3-51e6d0b6d5f0",
  "outputs": {},
  "resources": [
    {
      "module": "module.kubernetes_env",
      "mode": "data",
      "type": "ignition_config",
      "name": "example",
      "provider": "provider[\"registry.terraform.io/hashicorp/ignition\"]",
      "instances": [
        {
          "schema_version": 0,
          "attributes": {
            "arrays": null,
            "directories": null,
            "disks": null,
            "files": null,
            "filesystems": null,
            "groups": null,
            "id": "292917ad27733b158afb2358cf02ee6782cc719e76e6115ac4d6bd81bae21af8",
            "links": null,
            "merge": null,
            "rendered": "{\"ignition\":{\"config\":{\"replace\":{\"verification\":{}}},\"proxy\":{},\"security\":{\"tls\":{}},\"timeouts\":{},\"version\":\"3.1.0\"},\"passwd\":{\"users\":[{\"homeDir\":\"/home/core\",\"name\":\"core\",\"sshAuthorizedKeys\":[\"ssh-rsa AAAAB3NzaC1yc2EAAAADAQABAAABgQDtmjfGRg1cyGtqOigXt3Hgwkme9iwSMaxfabHwoDAMo9oNFurxmC7lC3CXDwbOtaqTwZO/P3JjkkCZEcLMDVGJbvc266ZGzXc4HJd6A1jh9plWg2N+dX5KubMBBYz2vf9FjQYhGSfNgLWbyne8JBBi94FzFOXJt+YXMIF48GFhrtf09MBnq8BYOZQ6RS90ekmix2/OyTkP/El5WgYRdkeJ5c3lhTptpGXTts2KJ4isoexouzPgnMqZ7oBJESM0JVCLJuVwAdWi3BxoKpzHqhnfvs+t7BRDO3cQXu+0DdQFxMWPGlw2FreB7XrH05A1iFyk7M6Muc3cfXXniaqoO9zFb3fLa9gZOss0yYqK/0fxfg34+Je17eOkPzPCsQ6XSqoxt2dVBlDNACSjave5stT+FsCKkclp/rdbAmPuxnRVvq1TJcymTEVAb8hlPhD5xlpFMkQAORuvBXaSK3WfbQg5oqaX+xN9bWW1bH/bAbueOC2u5z39H5yzEUM1t7/LXxs= kbbryar@localhost.localdomain\\n\"],\"shell\":\"/bin/bash\"}]},\"storage\":{},\"systemd\":{}}",
            "replace": null,
            "systemd": null,
            "users": [
              "{\"homeDir\":\"/home/core\",\"name\":\"core\",\"sshAuthorizedKeys\":[\"ssh-rsa AAAAB3NzaC1yc2EAAAADAQABAAABgQDtmjfGRg1cyGtqOigXt3Hgwkme9iwSMaxfabHwoDAMo9oNFurxmC7lC3CXDwbOtaqTwZO/P3JjkkCZEcLMDVGJbvc266ZGzXc4HJd6A1jh9plWg2N+dX5KubMBBYz2vf9FjQYhGSfNgLWbyne8JBBi94FzFOXJt+YXMIF48GFhrtf09MBnq8BYOZQ6RS90ekmix2/OyTkP/El5WgYRdkeJ5c3lhTptpGXTts2KJ4isoexouzPgnMqZ7oBJESM0JVCLJuVwAdWi3BxoKpzHqhnfvs+t7BRDO3cQXu+0DdQFxMWPGlw2FreB7XrH05A1iFyk7M6Muc3cfXXniaqoO9zFb3fLa9gZOss0yYqK/0fxfg34+Je17eOkPzPCsQ6XSqoxt2dVBlDNACSjave5stT+FsCKkclp/rdbAmPuxnRVvq1TJcymTEVAb8hlPhD5xlpFMkQAORuvBXaSK3WfbQg5oqaX+xN9bWW1bH/bAbueOC2u5z39H5yzEUM1t7/LXxs= kbbryar@localhost.localdomain\\n\"],\"shell\":\"/bin/bash\"}"
            ]
          },
          "sensitive_attributes": []
        }
      ]
    },
    {
      "module": "module.kubernetes_env",
      "mode": "data",
      "type": "ignition_user",
      "name": "core",
      "provider": "provider[\"registry.terraform.io/hashicorp/ignition\"]",
      "instances": [
        {
          "schema_version": 0,
          "attributes": {
            "gecos": null,
            "groups": null,
            "home_dir": "/home/core",
            "id": "d0f7142f66251e6452907c2ec107aae73ff8af3ffa61b49e85b06a393749ee2d",
            "name": "core",
            "no_create_home": null,
            "no_log_init": null,
            "no_user_group": null,
            "password_hash": null,
            "primary_group": null,
            "rendered": "{\"homeDir\":\"/home/core\",\"name\":\"core\",\"sshAuthorizedKeys\":[\"ssh-rsa AAAAB3NzaC1yc2EAAAADAQABAAABgQDtmjfGRg1cyGtqOigXt3Hgwkme9iwSMaxfabHwoDAMo9oNFurxmC7lC3CXDwbOtaqTwZO/P3JjkkCZEcLMDVGJbvc266ZGzXc4HJd6A1jh9plWg2N+dX5KubMBBYz2vf9FjQYhGSfNgLWbyne8JBBi94FzFOXJt+YXMIF48GFhrtf09MBnq8BYOZQ6RS90ekmix2/OyTkP/El5WgYRdkeJ5c3lhTptpGXTts2KJ4isoexouzPgnMqZ7oBJESM0JVCLJuVwAdWi3BxoKpzHqhnfvs+t7BRDO3cQXu+0DdQFxMWPGlw2FreB7XrH05A1iFyk7M6Muc3cfXXniaqoO9zFb3fLa9gZOss0yYqK/0fxfg34+Je17eOkPzPCsQ6XSqoxt2dVBlDNACSjave5stT+FsCKkclp/rdbAmPuxnRVvq1TJcymTEVAb8hlPhD5xlpFMkQAORuvBXaSK3WfbQg5oqaX+xN9bWW1bH/bAbueOC2u5z39H5yzEUM1t7/LXxs= kbbryar@localhost.localdomain\\n\"],\"shell\":\"/bin/bash\"}",
            "shell": "/bin/bash",
            "ssh_authorized_keys": [
              "ssh-rsa AAAAB3NzaC1yc2EAAAADAQABAAABgQDtmjfGRg1cyGtqOigXt3Hgwkme9iwSMaxfabHwoDAMo9oNFurxmC7lC3CXDwbOtaqTwZO/P3JjkkCZEcLMDVGJbvc266ZGzXc4HJd6A1jh9plWg2N+dX5KubMBBYz2vf9FjQYhGSfNgLWbyne8JBBi94FzFOXJt+YXMIF48GFhrtf09MBnq8BYOZQ6RS90ekmix2/OyTkP/El5WgYRdkeJ5c3lhTptpGXTts2KJ4isoexouzPgnMqZ7oBJESM0JVCLJuVwAdWi3BxoKpzHqhnfvs+t7BRDO3cQXu+0DdQFxMWPGlw2FreB7XrH05A1iFyk7M6Muc3cfXXniaqoO9zFb3fLa9gZOss0yYqK/0fxfg34+Je17eOkPzPCsQ6XSqoxt2dVBlDNACSjave5stT+FsCKkclp/rdbAmPuxnRVvq1TJcymTEVAb8hlPhD5xlpFMkQAORuvBXaSK3WfbQg5oqaX+xN9bWW1bH/bAbueOC2u5z39H5yzEUM1t7/LXxs= kbbryar@localhost.localdomain\n"
            ],
            "system": null,
            "uid": null
          },
          "sensitive_attributes": []
        }
      ]
    },
    {
      "module": "module.kubernetes_env",
      "mode": "managed",
      "type": "libvirt_ignition",
      "name": "ignition",
      "provider": "provider[\"registry.terraform.io/dmacvicar/libvirt\"]",
      "instances": [
        {
          "schema_version": 0,
          "attributes": {
            "content": "{\"ignition\":{\"config\":{\"replace\":{\"verification\":{}}},\"proxy\":{},\"security\":{\"tls\":{}},\"timeouts\":{},\"version\":\"3.1.0\"},\"passwd\":{\"users\":[{\"homeDir\":\"/home/core\",\"name\":\"core\",\"sshAuthorizedKeys\":[\"ssh-rsa AAAAB3NzaC1yc2EAAAADAQABAAABgQDtmjfGRg1cyGtqOigXt3Hgwkme9iwSMaxfabHwoDAMo9oNFurxmC7lC3CXDwbOtaqTwZO/P3JjkkCZEcLMDVGJbvc266ZGzXc4HJd6A1jh9plWg2N+dX5KubMBBYz2vf9FjQYhGSfNgLWbyne8JBBi94FzFOXJt+YXMIF48GFhrtf09MBnq8BYOZQ6RS90ekmix2/OyTkP/El5WgYRdkeJ5c3lhTptpGXTts2KJ4isoexouzPgnMqZ7oBJESM0JVCLJuVwAdWi3BxoKpzHqhnfvs+t7BRDO3cQXu+0DdQFxMWPGlw2FreB7XrH05A1iFyk7M6Muc3cfXXniaqoO9zFb3fLa9gZOss0yYqK/0fxfg34+Je17eOkPzPCsQ6XSqoxt2dVBlDNACSjave5stT+FsCKkclp/rdbAmPuxnRVvq1TJcymTEVAb8hlPhD5xlpFMkQAORuvBXaSK3WfbQg5oqaX+xN9bWW1bH/bAbueOC2u5z39H5yzEUM1t7/LXxs= kbbryar@localhost.localdomain\\n\"],\"shell\":\"/bin/bash\"}]},\"storage\":{},\"systemd\":{}}",
            "id": "/var/lib/libvirt/images/k8s.ign;601a114d-1c1e-ab32-58ef-0292af931032",
            "name": "k8s.ign",
            "pool": "default"
          },
          "sensitive_attributes": [],
          "private": "bnVsbA==",
          "dependencies": [
            "module.kubernetes_env.data.ignition_config.example"
          ]
        }
      ]
    },
    {
      "module": "module.kubernetes_env",
      "mode": "managed",
      "type": "random_id",
      "name": "server",
      "provider": "provider[\"registry.terraform.io/hashicorp/random\"]",
      "instances": [
        {
          "schema_version": 0,
          "attributes": {
            "b64_std": "ZQdkLN1xEBI=",
            "b64_url": "ZQdkLN1xEBI",
            "byte_length": 8,
            "dec": "7279897466524209170",
            "hex": "6507642cdd711012",
            "id": "ZQdkLN1xEBI",
            "keepers": null,
            "prefix": null
          },
          "sensitive_attributes": [],
          "private": "bnVsbA=="
        }
      ]
    },
    {
      "module": "module.kubernetes_env.module.kubernetes_vm",
      "mode": "managed",
      "type": "libvirt_domain",
      "name": "test",
      "provider": "provider[\"registry.terraform.io/dmacvicar/libvirt\"]",
      "instances": []
    },
    {
      "module": "module.kubernetes_env.module.kubernetes_vm",
      "mode": "managed",
      "type": "libvirt_volume",
      "name": "storage",
      "provider": "provider[\"registry.terraform.io/dmacvicar/libvirt\"]",
      "instances": [
        {
          "schema_version": 0,
          "attributes": {
            "base_volume_id": null,
            "base_volume_name": null,
            "base_volume_pool": null,
            "format": "qcow2",
            "id": "/var/lib/libvirt/images/k8s_cfd0f577062a58cc_storage.qcow2",
            "name": "k8s_cfd0f577062a58cc_storage.qcow2",
            "pool": "default",
            "size": 50000000000,
            "source": null,
            "xml": []
          },
          "sensitive_attributes": [],
          "private": "bnVsbA==",
          "dependencies": [
            "module.kubernetes_env.module.kubernetes_vm.random_id.server"
          ]
        }
      ]
    },
    {
      "module": "module.kubernetes_env.module.kubernetes_vm",
      "mode": "managed",
      "type": "random_id",
      "name": "server",
      "provider": "provider[\"registry.terraform.io/hashicorp/random\"]",
      "instances": [
        {
          "schema_version": 0,
          "attributes": {
            "b64_std": "z9D1dwYqWMw=",
            "b64_url": "z9D1dwYqWMw",
            "byte_length": 8,
            "dec": "14974738652560251084",
            "hex": "cfd0f577062a58cc",
            "id": "z9D1dwYqWMw",
            "keepers": null,
            "prefix": null
          },
          "sensitive_attributes": [],
          "private": "bnVsbA=="
        }
      ]
    },
    {
      "module": "module.primary_vm",
      "mode": "managed",
      "type": "libvirt_domain",
      "name": "test",
      "provider": "provider[\"registry.terraform.io/dmacvicar/libvirt\"]",
      "instances": []
    },
    {
      "module": "module.primary_vm",
      "mode": "managed",
      "type": "libvirt_volume",
      "name": "storage",
      "provider": "provider[\"registry.terraform.io/dmacvicar/libvirt\"]",
      "instances": [
        {
          "schema_version": 0,
          "attributes": {
            "base_volume_id": null,
            "base_volume_name": null,
            "base_volume_pool": null,
            "format": "qcow2",
            "id": "/var/lib/libvirt/images/my-vm_6e7467856a741dfc_storage.qcow2",
            "name": "my-vm_6e7467856a741dfc_storage.qcow2",
            "pool": "default",
            "size": 50000000000,
            "source": null,
            "xml": []
          },
          "sensitive_attributes": [],
          "private": "bnVsbA==",
          "dependencies": [
            "module.primary_vm.random_id.server"
          ]
        }
      ]
    },
    {
      "module": "module.primary_vm",
      "mode": "managed",
      "type": "random_id",
      "name": "server",
      "provider": "provider[\"registry.terraform.io/hashicorp/random\"]",
      "instances": [
        {
          "schema_version": 0,
          "attributes": {
            "b64_std": "bnRnhWp0Hfw=",
            "b64_url": "bnRnhWp0Hfw",
            "byte_length": 8,
            "dec": "7959100264184815100",
            "hex": "6e7467856a741dfc",
            "id": "bnRnhWp0Hfw",
            "keepers": null,
            "prefix": null
          },
          "sensitive_attributes": [],
          "private": "bnVsbA=="
        }
      ]
    },
    {
      "module": "module.secondary_vm",
      "mode": "managed",
      "type": "libvirt_domain",
      "name": "test",
      "provider": "provider[\"registry.terraform.io/dmacvicar/libvirt\"]",
      "instances": []
    },
    {
      "module": "module.secondary_vm",
      "mode": "managed",
      "type": "libvirt_volume",
      "name": "storage",
      "provider": "provider[\"registry.terraform.io/dmacvicar/libvirt\"]",
      "instances": [
        {
          "schema_version": 0,
          "attributes": {
            "base_volume_id": null,
            "base_volume_name": null,
            "base_volume_pool": null,
            "format": "qcow2",
            "id": "/var/lib/libvirt/images/my-other-vm_9cac372f82fa5e05_storage.qcow2",
            "name": "my-other-vm_9cac372f82fa5e05_storage.qcow2",
            "pool": "default",
            "size": 50000000000,
            "source": null,
            "xml": []
          },
          "sensitive_attributes": [],
          "private": "bnVsbA==",
          "dependencies": [
            "module.secondary_vm.random_id.server"
          ]
        }
      ]
    },
    {
      "module": "module.secondary_vm",
      "mode": "managed",
      "type": "random_id",
      "name": "server",
      "provider": "provider[\"registry.terraform.io/hashicorp/random\"]",
      "instances": [
        {
          "schema_version": 0,
          "attributes": {
            "b64_std": "nKw3L4L6XgU=",
            "b64_url": "nKw3L4L6XgU",
            "byte_length": 8,
            "dec": "11289459043111427589",
            "hex": "9cac372f82fa5e05",
            "id": "nKw3L4L6XgU",
            "keepers": null,
            "prefix": null
          },
          "sensitive_attributes": [],
          "private": "bnVsbA=="
        }
      ]
    }
  ]
}
